github.com/kyoto-framework/kyoto v0.0.0-20211017170019-16887ac790b5 h1:nNob5Bo9IHu9fqMSq97qtPr/h6YPQu3bbrGYhTLdL4Q=
github.com/kyoto-framework/kyoto v0.0.0-20211017170019-16887ac790b5/go.mod h1:5mMUtxQ1AdsJNmpDih3NQC4PJWq1kbqx9IrRs+06ZRg=
github.com/kyoto-framework/kyoto v0.0.0-20211021162023-fcc33fc36624 h1:rGSpNv6S/TnFCzcYMPFF2HmyWlKezSxeN20O5W/Qolw=
github.com/kyoto-framework/kyoto v0.0.0-20211021162023-fcc33fc36624/go.mod h1:5mMUtxQ1AdsJNmpDih3NQC4PJWq1kbqx9IrRs+06ZRg=
